
Microsoft Visual Studio Solution File, Format Version 12.00
# Visual Studio Version 17
VisualStudioVersion = 17.4.33205.214
MinimumVisualStudioVersion = 10.0.40219.1
Project("{FAE04EC0-301F-11D3-BF4B-00C04F79EFBC}") = "BlazorAppPeliculas.Server", "BlazorAppPeliculas\Server\BlazorAppPeliculas.Server.csproj", "{B99D5C11-678A-4659-B98F-119BCFAD2A1D}"
EndProject
Project("{FAE04EC0-301F-11D3-BF4B-00C04F79EFBC}") = "BlazorAppPeliculas.Client", "BlazorAppPeliculas\Client\BlazorAppPeliculas.Client.csproj", "{1AAA3BBF-75BB-42A7-8C5D-42E4B0B075B5}"
EndProject
Project("{FAE04EC0-301F-11D3-BF4B-00C04F79EFBC}") = "BlazorAppPeliculas.Shared", "BlazorAppPeliculas\Shared\BlazorAppPeliculas.Shared.csproj", "{60CEE740-3736-4446-9EA5-9B5A8ACE47DA}"
EndProject
Global
	GlobalSection(SolutionConfigurationPlatforms) = preSolution
		Debug|Any CPU = Debug|Any CPU
		Release|Any CPU = Release|Any CPU
	EndGlobalSection
	GlobalSection(ProjectConfigurationPlatforms) = postSolution
		{B99D5C11-678A-4659-B98F-119BCFAD2A1D}.Debug|Any CPU.ActiveCfg = Debug|Any CPU
		{B99D5C11-678A-4659-B98F-119BCFAD2A1D}.Debug|Any CPU.Build.0 = Debug|Any CPU
		{B99D5C11-678A-4659-B98F-119BCFAD2A1D}.Release|Any CPU.ActiveCfg = Release|Any CPU
		{B99D5C11-678A-4659-B98F-119BCFAD2A1D}.Release|Any CPU.Build.0 = Release|Any CPU
		{1AAA3BBF-75BB-42A7-8C5D-42E4B0B075B5}.Debug|Any CPU.ActiveCfg = Debug|Any CPU
		{1AAA3BBF-75BB-42A7-8C5D-42E4B0B075B5}.Debug|Any CPU.Build.0 = Debug|Any CPU
		{1AAA3BBF-75BB-42A7-8C5D-42E4B0B075B5}.Release|Any CPU.ActiveCfg = Release|Any CPU
		{1AAA3BBF-75BB-42A7-8C5D-42E4B0B075B5}.Release|Any CPU.Build.0 = Release|Any CPU
		{60CEE740-3736-4446-9EA5-9B5A8ACE47DA}.Debug|Any CPU.ActiveCfg = Debug|Any CPU
		{60CEE740-3736-4446-9EA5-9B5A8ACE47DA}.Debug|Any CPU.Build.0 = Debug|Any CPU
		{60CEE740-3736-4446-9EA5-9B5A8ACE47DA}.Release|Any CPU.ActiveCfg = Release|Any CPU
		{60CEE740-3736-4446-9EA5-9B5A8ACE47DA}.Release|Any CPU.Build.0 = Release|Any CPU
	EndGlobalSection
	GlobalSection(SolutionProperties) = preSolution
		HideSolutionNode = FALSE
	EndGlobalSection
	GlobalSection(ExtensibilityGlobals) = postSolution
		SolutionGuid = {F7D3BE97-455D-4122-A8BA-CD95BA865E3F}
	EndGlobalSection
EndGlobal
